
Microsoft Visual Studio Solution File, Format Version 12.00
# Visual Studio Version 17
VisualStudioVersion = 17.9.34414.90
MinimumVisualStudioVersion = 10.0.40219.1
Project("{9A19103F-16F7-4668-BE54-9A1E7A4F7556}") = "BlueprintExpoRT", "BlueprintExpoRT.csproj", "{2EC2B34E-199A-4976-AE3B-C86D2B017505}"
EndProject
Project("{9A19103F-16F7-4668-BE54-9A1E7A4F7556}") = "MicroUtils", "..\..\MicroUtils\MicroUtils.csproj", "{ED72A043-F2B0-4764-BFB9-E6D46478A8F5}"
EndProject
Global
	GlobalSection(SolutionConfigurationPlatforms) = preSolution
		Debug|Any CPU = Debug|Any CPU
		Release|Any CPU = Release|Any CPU
	EndGlobalSection
	GlobalSection(ProjectConfigurationPlatforms) = postSolution
		{2EC2B34E-199A-4976-AE3B-C86D2B017505}.Debug|Any CPU.ActiveCfg = Debug|Any CPU
		{2EC2B34E-199A-4976-AE3B-C86D2B017505}.Debug|Any CPU.Build.0 = Debug|Any CPU
		{2EC2B34E-199A-4976-AE3B-C86D2B017505}.Release|Any CPU.ActiveCfg = Release|Any CPU
		{2EC2B34E-199A-4976-AE3B-C86D2B017505}.Release|Any CPU.Build.0 = Release|Any CPU
		{ED72A043-F2B0-4764-BFB9-E6D46478A8F5}.Debug|Any CPU.ActiveCfg = Debug|Any CPU
		{ED72A043-F2B0-4764-BFB9-E6D46478A8F5}.Debug|Any CPU.Build.0 = Debug|Any CPU
		{ED72A043-F2B0-4764-BFB9-E6D46478A8F5}.Release|Any CPU.ActiveCfg = Release|Any CPU
		{ED72A043-F2B0-4764-BFB9-E6D46478A8F5}.Release|Any CPU.Build.0 = Release|Any CPU
	EndGlobalSection
	GlobalSection(SolutionProperties) = preSolution
		HideSolutionNode = FALSE
	EndGlobalSection
	GlobalSection(ExtensibilityGlobals) = postSolution
		SolutionGuid = {11777DA1-4B13-4DE5-837C-9C99AE739567}
	EndGlobalSection
EndGlobal
